// !$*UTF8*$!
{
	archiveVersion = 1;
	classes = {
	};
	objectVersion = 56;
	objects = {

/* Begin PBXBuildFile section */
		F1037879304C8A0F0093BCCB /* notificationsSender.swift in Sources */ = {isa = PBXBuildFile; fileRef = F1037878304C8A0F0093BCCB /* notificationsSender.swift */; };
		F108255E3037C04F005AAC74 /* DownloadsQueue.swift in Sources */ = {isa = PBXBuildFile; fileRef = F108255D3037C04F005AAC74 /* DownloadsQueue.swift */; };
		F124D9FD3034AD8600932BFF /* logger.swift in Sources */ = {isa = PBXBuildFile; fileRef = F124D9FC3034AD8600932BFF /* logger.swift */; };
		F124DA003034DB1B00932BFF /* enums.swift in Sources */ = {isa = PBXBuildFile; fileRef = F124D9FF3034DB1B00932BFF /* enums.swift */; };
		F124DA023034EF1C00932BFF /* wrappers.swift in Sources */ = {isa = PBXBuildFile; fileRef = F124DA013034EF1C00932BFF /* wrappers.swift */; };
		F14FFD573049DE4100A8094E /* MenuBarProgress.swift in Sources */ = {isa = PBXBuildFile; fileRef = F14FFD563049DE4100A8094E /* MenuBarProgress.swift */; };
		F14FFD59304A1C3700A8094E /* fast-downloader-engine in Resources */ = {isa = PBXBuildFile; fileRef = F14FFD58304A1C3700A8094E /* fast-downloader-engine */; };
		F14FFD5B304A3D6900A8094E /* engineManager.swift in Sources */ = {isa = PBXBuildFile; fileRef = F14FFD5A304A3D6900A8094E /* engineManager.swift */; };
		F14FFD5D304A782900A8094E /* notifications.swift in Sources */ = {isa = PBXBuildFile; fileRef = F14FFD5C304A782900A8094E /* notifications.swift */; };
		F14FFD5F304A783900A8094E /* models.swift in Sources */ = {isa = PBXBuildFile; fileRef = F14FFD5E304A783900A8094E /* models.swift */; };
		F151718B302DF37F003C0C70 /* PopoverView.swift in Sources */ = {isa = PBXBuildFile; fileRef = F151718A302DF37F003C0C70 /* PopoverView.swift */; };
		F1528B97302E5CBA002DA6AF /* downloader.swift in Sources */ = {isa = PBXBuildFile; fileRef = F1528B96302E5CBA002DA6AF /* downloader.swift */; };
		F15E82C5303B471200CACB67 /* errorHelper.swift in Sources */ = {isa = PBXBuildFile; fileRef = F15E82C4303B471200CACB67 /* errorHelper.swift */; };
		F1CE3874302D1EDF0084F78E /* FastDownloaderApp.swift in Sources */ = {isa = PBXBuildFile; fileRef = F1CE3873302D1EDF0084F78E /* FastDownloaderApp.swift */; };
		F1CE3878302D1EE10084F78E /* Assets.xcassets in Resources */ = {isa = PBXBuildFile; fileRef = F1CE3877302D1EE10084F78E /* Assets.xcassets */; };
		F1CE387B302D1EE10084F78E /* Preview Assets.xcassets in Resources */ = {isa = PBXBuildFile; fileRef = F1CE387A302D1EE10084F78E /* Preview Assets.xcassets */; };
		F1DE936E30379F930015B766 /* .gitignore in Resources */ = {isa = PBXBuildFile; fileRef = F1DE936D30379F930015B766 /* .gitignore */; };
		F1EAC10E303CCB8B00F433A3 /* DownloadRow.swift in Sources */ = {isa = PBXBuildFile; fileRef = F1EAC10D303CCB8B00F433A3 /* DownloadRow.swift */; };
		F1F289293039F01C00138E68 /* interfaces.swift in Sources */ = {isa = PBXBuildFile; fileRef = F1F289283039F01C00138E68 /* interfaces.swift */; };
/* End PBXBuildFile section */

/* Begin PBXFileReference section */
		F1037878304C8A0F0093BCCB /* notificationsSender.swift */ = {isa = PBXFileReference; lastKnownFileType = sourcecode.swift; path = notificationsSender.swift; sourceTree = "<group>"; };
		F108255D3037C04F005AAC74 /* DownloadsQueue.swift */ = {isa = PBXFileReference; lastKnownFileType = sourcecode.swift; path = DownloadsQueue.swift; sourceTree = "<group>"; };
		F124D9FC3034AD8600932BFF /* logger.swift */ = {isa = PBXFileReference; lastKnownFileType = sourcecode.swift; path = logger.swift; sourceTree = "<group>"; };
		F124D9FF3034DB1B00932BFF /* enums.swift */ = {isa = PBXFileReference; lastKnownFileType = sourcecode.swift; path = enums.swift; sourceTree = "<group>"; };
		F124DA013034EF1C00932BFF /* wrappers.swift */ = {isa = PBXFileReference; lastKnownFileType = sourcecode.swift; path = wrappers.swift; sourceTree = "<group>"; };
		F14FFD563049DE4100A8094E /* MenuBarProgress.swift */ = {isa = PBXFileReference; lastKnownFileType = sourcecode.swift; path = MenuBarProgress.swift; sourceTree = "<group>"; };
		F14FFD58304A1C3700A8094E /* fast-downloader-engine */ = {isa = PBXFileReference; lastKnownFileType = "compiled.mach-o.executable"; path = "fast-downloader-engine"; sourceTree = "<group>"; };
		F14FFD5A304A3D6900A8094E /* engineManager.swift */ = {isa = PBXFileReference; lastKnownFileType = sourcecode.swift; path = engineManager.swift; sourceTree = "<group>"; };
		F14FFD5C304A782900A8094E /* notifications.swift */ = {isa = PBXFileReference; lastKnownFileType = sourcecode.swift; path = notifications.swift; sourceTree = "<group>"; };
		F14FFD5E304A783900A8094E /* models.swift */ = {isa = PBXFileReference; lastKnownFileType = sourcecode.swift; path = models.swift; sourceTree = "<group>"; };
		F151718A302DF37F003C0C70 /* PopoverView.swift */ = {isa = PBXFileReference; lastKnownFileType = sourcecode.swift; path = PopoverView.swift; sourceTree = "<group>"; };
		F1528B96302E5CBA002DA6AF /* downloader.swift */ = {isa = PBXFileReference; lastKnownFileType = sourcecode.swift; path = downloader.swift; sourceTree = "<group>"; };
		F15E82C4303B471200CACB67 /* errorHelper.swift */ = {isa = PBXFileReference; lastKnownFileType = sourcecode.swift; path = errorHelper.swift; sourceTree = "<group>"; };
		F1CE3870302D1EDF0084F78E /* FastDownloader.app */ = {isa = PBXFileReference; explicitFileType = wrapper.application; includeInIndex = 0; path = FastDownloader.app; sourceTree = BUILT_PRODUCTS_DIR; };
		F1CE3873302D1EDF0084F78E /* FastDownloaderApp.swift */ = {isa = PBXFileReference; lastKnownFileType = sourcecode.swift; path = FastDownloaderApp.swift; sourceTree = "<group>"; };
		F1CE3877302D1EE10084F78E /* Assets.xcassets */ = {isa = PBXFileReference; lastKnownFileType = folder.assetcatalog; path = Assets.xcassets; sourceTree = "<group>"; };
		F1CE387A302D1EE10084F78E /* Preview Assets.xcassets */ = {isa = PBXFileReference; lastKnownFileType = folder.assetcatalog; path = "Preview Assets.xcassets"; sourceTree = "<group>"; };
		F1CE387C302D1EE10084F78E /* FastDownloader.entitlements */ = {isa = PBXFileReference; lastKnownFileType = text.plist.entitlements; path = FastDownloader.entitlements; sourceTree = "<group>"; };
		F1DE936D30379F930015B766 /* .gitignore */ = {isa = PBXFileReference; lastKnownFileType = text; path = .gitignore; sourceTree = "<group>"; };
		F1EAC10D303CCB8B00F433A3 /* DownloadRow.swift */ = {isa = PBXFileReference; lastKnownFileType = sourcecode.swift; path = DownloadRow.swift; sourceTree = "<group>"; };
		F1F289283039F01C00138E68 /* interfaces.swift */ = {isa = PBXFileReference; lastKnownFileType = sourcecode.swift; path = interfaces.swift; sourceTree = "<group>"; };
/* End PBXFileReference section */

/* Begin PBXFrameworksBuildPhase section */
		F1CE386D302D1EDF0084F78E /* Frameworks */ = {
			isa = PBXFrameworksBuildPhase;
			buildActionMask = 2147483647;
			files = (
			);
			runOnlyForDeploymentPostprocessing = 0;
		};
/* End PBXFrameworksBuildPhase section */

/* Begin PBXGroup section */
		F1027E853036125A0030B2B7 /* ui */ = {
			isa = PBXGroup;
			children = (
				F151718A302DF37F003C0C70 /* PopoverView.swift */,
				F108255D3037C04F005AAC74 /* DownloadsQueue.swift */,
				F1EAC10D303CCB8B00F433A3 /* DownloadRow.swift */,
				F14FFD563049DE4100A8094E /* MenuBarProgress.swift */,
			);
			path = ui;
			sourceTree = "<group>";
		};
		F124D9FB3034AD5C00932BFF /* logger */ = {
			isa = PBXGroup;
			children = (
				F124D9FC3034AD8600932BFF /* logger.swift */,
			);
			path = logger;
			sourceTree = "<group>";
		};
		F124D9FE3034DAFA00932BFF /* domain */ = {
			isa = PBXGroup;
			children = (
				F124D9FF3034DB1B00932BFF /* enums.swift */,
				F124DA013034EF1C00932BFF /* wrappers.swift */,
				F1F289283039F01C00138E68 /* interfaces.swift */,
				F14FFD5C304A782900A8094E /* notifications.swift */,
				F14FFD5E304A783900A8094E /* models.swift */,
			);
			path = domain;
			sourceTree = "<group>";
		};
		F1528B94302E4493002DA6AF /* Resources */ = {
			isa = PBXGroup;
			children = (
				F14FFD58304A1C3700A8094E /* fast-downloader-engine */,
			);
			path = Resources;
			sourceTree = "<group>";
		};
		F1528B95302E5C96002DA6AF /* services */ = {
			isa = PBXGroup;
			children = (
				F1528B96302E5CBA002DA6AF /* downloader.swift */,
				F15E82C4303B471200CACB67 /* errorHelper.swift */,
				F14FFD5A304A3D6900A8094E /* engineManager.swift */,
				F1037878304C8A0F0093BCCB /* notificationsSender.swift */,
			);
			path = services;
			sourceTree = "<group>";
		};
		F1CE3867302D1EDF0084F78E = {
			isa = PBXGroup;
			children = (
				F1DE936D30379F930015B766 /* .gitignore */,
				F1CE3872302D1EDF0084F78E /* FastDownloader */,
				F1CE3871302D1EDF0084F78E /* Products */,
			);
			sourceTree = "<group>";
		};
		F1CE3871302D1EDF0084F78E /* Products */ = {
			isa = PBXGroup;
			children = (
				F1CE3870302D1EDF0084F78E /* FastDownloader.app */,
			);
			name = Products;
			sourceTree = "<group>";
		};
		F1CE3872302D1EDF0084F78E /* FastDownloader */ = {
			isa = PBXGroup;
			children = (
				F1027E853036125A0030B2B7 /* ui */,
				F124D9FE3034DAFA00932BFF /* domain */,
				F124D9FB3034AD5C00932BFF /* logger */,
				F1528B95302E5C96002DA6AF /* services */,
				F1528B94302E4493002DA6AF /* Resources */,
				F1CE3873302D1EDF0084F78E /* FastDownloaderApp.swift */,
				F1CE3877302D1EE10084F78E /* Assets.xcassets */,
				F1CE387C302D1EE10084F78E /* FastDownloader.entitlements */,
				F1CE3879302D1EE10084F78E /* Preview Content */,
			);
			path = FastDownloader;
			sourceTree = "<group>";
		};
		F1CE3879302D1EE10084F78E /* Preview Content */ = {
			isa = PBXGroup;
			children = (
				F1CE387A302D1EE10084F78E /* Preview Assets.xcassets */,
			);
			path = "Preview Content";
			sourceTree = "<group>";
		};
/* End PBXGroup section */

/* Begin PBXNativeTarget section */
		F1CE386F302D1EDF0084F78E /* FastDownloader */ = {
			isa = PBXNativeTarget;
			buildConfigurationList = F1CE387F302D1EE10084F78E /* Build configuration list for PBXNativeTarget "FastDownloader" */;
			buildPhases = (
				F1CE386C302D1EDF0084F78E /* Sources */,
				F1CE386D302D1EDF0084F78E /* Frameworks */,
				F1CE386E302D1EDF0084F78E /* Resources */,
				F104B7853030DB4D009B62A9 /* ShellScript */,
			);
			buildRules = (
			);
			dependencies = (
			);
			name = FastDownloader;
			productName = FastDownloader;
			productReference = F1CE3870302D1EDF0084F78E /* FastDownloader.app */;
			productType = "com.apple.product-type.application";
		};
/* End PBXNativeTarget section */

/* Begin PBXProject section */
		F1CE3868302D1EDF0084F78E /* Project object */ = {
			isa = PBXProject;
			attributes = {
				BuildIndependentTargetsInParallel = 1;
				LastSwiftUpdateCheck = 1430;
				LastUpgradeCheck = 1430;
				TargetAttributes = {
					F1CE386F302D1EDF0084F78E = {
						CreatedOnToolsVersion = 14.3.1;
					};
				};
			};
			buildConfigurationList = F1CE386B302D1EDF0084F78E /* Build configuration list for PBXProject "FastDownloader" */;
			compatibilityVersion = "Xcode 14.0";
			developmentRegion = en;
			hasScannedForEncodings = 0;
			knownRegions = (
				en,
				Base,
			);
			mainGroup = F1CE3867302D1EDF0084F78E;
			productRefGroup = F1CE3871302D1EDF0084F78E /* Products */;
			projectDirPath = "";
			projectRoot = "";
			targets = (
				F1CE386F302D1EDF0084F78E /* FastDownloader */,
			);
		};
/* End PBXProject section */

/* Begin PBXResourcesBuildPhase section */
		F1CE386E302D1EDF0084F78E /* Resources */ = {
			isa = PBXResourcesBuildPhase;
			buildActionMask = 2147483647;
			files = (
				F1DE936E30379F930015B766 /* .gitignore in Resources */,
				F1CE387B302D1EE10084F78E /* Preview Assets.xcassets in Resources */,
				F1CE3878302D1EE10084F78E /* Assets.xcassets in Resources */,
				F14FFD59304A1C3700A8094E /* fast-downloader-engine in Resources */,
			);
			runOnlyForDeploymentPostprocessing = 0;
		};
/* End PBXResourcesBuildPhase section */

/* Begin PBXShellScriptBuildPhase section */
		F104B7853030DB4D009B62A9 /* ShellScript */ = {
			isa = PBXShellScriptBuildPhase;
			buildActionMask = 2147483647;
			files = (
			);
			inputFileListPaths = (
			);
			inputPaths = (
			);
			outputFileListPaths = (
			);
			outputPaths = (
			);
			runOnlyForDeploymentPostprocessing = 0;
			shellPath = /bin/bash;
			shellScript = "# Type a script or drag a script file from your workspace to insert its path.\n# Run Script para dar permisos a yt-dlp\necho \"🔧 Run Script: Configurando permisos para yt-dlp\"\n\nYTDLP_PATH=\"${TARGET_BUILD_DIR}/${PRODUCT_NAME}.app/Contents/Resources/yt-dlp/yt-dlp\"\n\necho \"📂 Buscando en: $YTDLP_PATH\"\n\nif [ -f \"$YTDLP_PATH\" ]; then\n    echo \"✅ Archivo encontrado\"\n    \n    # Dar permisos de ejecución\n    chmod 755 \"$YTDLP_PATH\"\n    echo \"✅ Permisos 755 establecidos\"\n    \n    # Verificar permisos\n    ls -la \"$YTDLP_PATH\"\n    \n    # Verificar que es ejecutable\n    if [ -x \"$YTDLP_PATH\" ]; then\n        echo \"✅ yt-dlp es ejecutable\"\n    else\n        echo \"⚠️ yt-dlp NO es ejecutable (aunque se intentó)\"\n    fi\nelse\n    echo \"❌ Error: yt-dlp no encontrado en: $YTDLP_PATH\"\n    echo \"📂 Contenido de Resources:\"\n    ls -la \"${TARGET_BUILD_DIR}/${PRODUCT_NAME}.app/Contents/Resources/\" || echo \"   (vacío)\"\nfi\n";
		};
/* End PBXShellScriptBuildPhase section */

/* Begin PBXSourcesBuildPhase section */
		F1CE386C302D1EDF0084F78E /* Sources */ = {
			isa = PBXSourcesBuildPhase;
			buildActionMask = 2147483647;
			files = (
				F151718B302DF37F003C0C70 /* PopoverView.swift in Sources */,
				F1528B97302E5CBA002DA6AF /* downloader.swift in Sources */,
				F14FFD5D304A782900A8094E /* notifications.swift in Sources */,
				F1CE3874302D1EDF0084F78E /* FastDownloaderApp.swift in Sources */,
				F108255E3037C04F005AAC74 /* DownloadsQueue.swift in Sources */,
				F124DA003034DB1B00932BFF /* enums.swift in Sources */,
				F14FFD5B304A3D6900A8094E /* engineManager.swift in Sources */,
				F14FFD5F304A783900A8094E /* models.swift in Sources */,
				F124DA023034EF1C00932BFF /* wrappers.swift in Sources */,
				F124D9FD3034AD8600932BFF /* logger.swift in Sources */,
				F1037879304C8A0F0093BCCB /* notificationsSender.swift in Sources */,
				F1F289293039F01C00138E68 /* interfaces.swift in Sources */,
				F1EAC10E303CCB8B00F433A3 /* DownloadRow.swift in Sources */,
				F15E82C5303B471200CACB67 /* errorHelper.swift in Sources */,
				F14FFD573049DE4100A8094E /* MenuBarProgress.swift in Sources */,
			);
			runOnlyForDeploymentPostprocessing = 0;
		};
/* End PBXSourcesBuildPhase section */

/* Begin XCBuildConfiguration section */
		F1CE387D302D1EE10084F78E /* Debug */ = {
			isa = XCBuildConfiguration;
			buildSettings = {
				ALWAYS_SEARCH_USER_PATHS = NO;
				CLANG_ANALYZER_NONNULL = YES;
				CLANG_ANALYZER_NUMBER_OBJECT_CONVERSION = YES_AGGRESSIVE;
				CLANG_CXX_LANGUAGE_STANDARD = "gnu++20";
				CLANG_ENABLE_MODULES = YES;
				CLANG_ENABLE_OBJC_ARC = YES;
				CLANG_ENABLE_OBJC_WEAK = YES;
				CLANG_WARN_BLOCK_CAPTURE_AUTORELEASING = YES;
				CLANG_WARN_BOOL_CONVERSION = YES;
				CLANG_WARN_COMMA = YES;
				CLANG_WARN_CONSTANT_CONVERSION = YES;
				CLANG_WARN_DEPRECATED_OBJC_IMPLEMENTATIONS = YES;
				CLANG_WARN_DIRECT_OBJC_ISA_USAGE = YES_ERROR;
				CLANG_WARN_DOCUMENTATION_COMMENTS = YES;
				CLANG_WARN_EMPTY_BODY = YES;
				CLANG_WARN_ENUM_CONVERSION = YES;
				CLANG_WARN_INFINITE_RECURSION = YES;
				CLANG_WARN_INT_CONVERSION = YES;
				CLANG_WARN_NON_LITERAL_NULL_CONVERSION = YES;
				CLANG_WARN_OBJC_IMPLICIT_RETAIN_SELF = YES;
				CLANG_WARN_OBJC_LITERAL_CONVERSION = YES;
				CLANG_WARN_OBJC_ROOT_CLASS = YES_ERROR;
				CLANG_WARN_QUOTED_INCLUDE_IN_FRAMEWORK_HEADER = YES;
				CLANG_WARN_RANGE_LOOP_ANALYSIS = YES;
				CLANG_WARN_STRICT_PROTOTYPES = YES;
				CLANG_WARN_SUSPICIOUS_MOVE = YES;
				CLANG_WARN_UNGUARDED_AVAILABILITY = YES_AGGRESSIVE;
				CLANG_WARN_UNREACHABLE_CODE = YES;
				CLANG_WARN__DUPLICATE_METHOD_MATCH = YES;
				COPY_PHASE_STRIP = NO;
				DEBUG_INFORMATION_FORMAT = dwarf;
				ENABLE_STRICT_OBJC_MSGSEND = YES;
				ENABLE_TESTABILITY = YES;
				GCC_C_LANGUAGE_STANDARD = gnu11;
				GCC_DYNAMIC_NO_PIC = NO;
				GCC_NO_COMMON_BLOCKS = YES;
				GCC_OPTIMIZATION_LEVEL = 0;
				GCC_PREPROCESSOR_DEFINITIONS = (
					"DEBUG=1",
					"$(inherited)",
				);
				GCC_WARN_64_TO_32_BIT_CONVERSION = YES;
				GCC_WARN_ABOUT_RETURN_TYPE = YES_ERROR;
				GCC_WARN_UNDECLARED_SELECTOR = YES;
				GCC_WARN_UNINITIALIZED_AUTOS = YES_AGGRESSIVE;
				GCC_WARN_UNUSED_FUNCTION = YES;
				GCC_WARN_UNUSED_VARIABLE = YES;
				MACOSX_DEPLOYMENT_TARGET = 13.3;
				MTL_ENABLE_DEBUG_INFO = INCLUDE_SOURCE;
				MTL_FAST_MATH = YES;
				ONLY_ACTIVE_ARCH = YES;
				SDKROOT = macosx;
				SWIFT_ACTIVE_COMPILATION_CONDITIONS = DEBUG;
				SWIFT_OPTIMIZATION_LEVEL = "-Onone";
			};
			name = Debug;
		};
		F1CE387E302D1EE10084F78E /* Release */ = {
			isa = XCBuildConfiguration;
			buildSettings = {
				ALWAYS_SEARCH_USER_PATHS = NO;
				CLANG_ANALYZER_NONNULL = YES;
				CLANG_ANALYZER_NUMBER_OBJECT_CONVERSION = YES_AGGRESSIVE;
				CLANG_CXX_LANGUAGE_STANDARD = "gnu++20";
				CLANG_ENABLE_MODULES = YES;
				CLANG_ENABLE_OBJC_ARC = YES;
				CLANG_ENABLE_OBJC_WEAK = YES;
				CLANG_WARN_BLOCK_CAPTURE_AUTORELEASING = YES;
				CLANG_WARN_BOOL_CONVERSION = YES;
				CLANG_WARN_COMMA = YES;
				CLANG_WARN_CONSTANT_CONVERSION = YES;
				CLANG_WARN_DEPRECATED_OBJC_IMPLEMENTATIONS = YES;
				CLANG_WARN_DIRECT_OBJC_ISA_USAGE = YES_ERROR;
				CLANG_WARN_DOCUMENTATION_COMMENTS = YES;
				CLANG_WARN_EMPTY_BODY = YES;
				CLANG_WARN_ENUM_CONVERSION = YES;
				CLANG_WARN_INFINITE_RECURSION = YES;
				CLANG_WARN_INT_CONVERSION = YES;
				CLANG_WARN_NON_LITERAL_NULL_CONVERSION = YES;
				CLANG_WARN_OBJC_IMPLICIT_RETAIN_SELF = YES;
				CLANG_WARN_OBJC_LITERAL_CONVERSION = YES;
				CLANG_WARN_OBJC_ROOT_CLASS = YES_ERROR;
				CLANG_WARN_QUOTED_INCLUDE_IN_FRAMEWORK_HEADER = YES;
				CLANG_WARN_RANGE_LOOP_ANALYSIS = YES;
				CLANG_WARN_STRICT_PROTOTYPES = YES;
				CLANG_WARN_SUSPICIOUS_MOVE = YES;
				CLANG_WARN_UNGUARDED_AVAILABILITY = YES_AGGRESSIVE;
				CLANG_WARN_UNREACHABLE_CODE = YES;
				CLANG_WARN__DUPLICATE_METHOD_MATCH = YES;
				COPY_PHASE_STRIP = NO;
				DEBUG_INFORMATION_FORMAT = "dwarf-with-dsym";
				ENABLE_NS_ASSERTIONS = NO;
				ENABLE_STRICT_OBJC_MSGSEND = YES;
				GCC_C_LANGUAGE_STANDARD = gnu11;
				GCC_NO_COMMON_BLOCKS = YES;
				GCC_WARN_64_TO_32_BIT_CONVERSION = YES;
				GCC_WARN_ABOUT_RETURN_TYPE = YES_ERROR;
				GCC_WARN_UNDECLARED_SELECTOR = YES;
				GCC_WARN_UNINITIALIZED_AUTOS = YES_AGGRESSIVE;
				GCC_WARN_UNUSED_FUNCTION = YES;
				GCC_WARN_UNUSED_VARIABLE = YES;
				MACOSX_DEPLOYMENT_TARGET = 13.3;
				MTL_ENABLE_DEBUG_INFO = NO;
				MTL_FAST_MATH = YES;
				SDKROOT = macosx;
				SWIFT_COMPILATION_MODE = wholemodule;
				SWIFT_OPTIMIZATION_LEVEL = "-O";
			};
			name = Release;
		};
		F1CE3880302D1EE10084F78E /* Debug */ = {
			isa = XCBuildConfiguration;
			buildSettings = {
				ASSETCATALOG_COMPILER_APPICON_NAME = AppIcon;
				ASSETCATALOG_COMPILER_GLOBAL_ACCENT_COLOR_NAME = AccentColor;
				CODE_SIGN_ENTITLEMENTS = FastDownloader/FastDownloader.entitlements;
				"CODE_SIGN_IDENTITY[sdk=macosx*]" = "-";
				CODE_SIGN_STYLE = Automatic;
				COMBINE_HIDPI_IMAGES = YES;
				CURRENT_PROJECT_VERSION = 1;
				DEVELOPMENT_ASSET_PATHS = "\"FastDownloader/Preview Content\"";
				DEVELOPMENT_TEAM = 74YPGS9Y5H;
				ENABLE_HARDENED_RUNTIME = YES;
				ENABLE_PREVIEWS = YES;
				GENERATE_INFOPLIST_FILE = YES;
				INFOPLIST_KEY_NSHumanReadableCopyright = "";
				LD_RUNPATH_SEARCH_PATHS = (
					"$(inherited)",
					"@executable_path/../Frameworks",
				);
				MARKETING_VERSION = 0.0.1;
				PRODUCT_BUNDLE_IDENTIFIER = josefidalgo.FastDownloader;
				PRODUCT_NAME = "$(TARGET_NAME)";
				SWIFT_EMIT_LOC_STRINGS = YES;
				SWIFT_VERSION = 5.0;
			};
			name = Debug;
		};
		F1CE3881302D1EE10084F78E /* Release */ = {
			isa = XCBuildConfiguration;
			buildSettings = {
				ASSETCATALOG_COMPILER_APPICON_NAME = AppIcon;
				ASSETCATALOG_COMPILER_GLOBAL_ACCENT_COLOR_NAME = AccentColor;
				CODE_SIGN_ENTITLEMENTS = FastDownloader/FastDownloader.entitlements;
				"CODE_SIGN_IDENTITY[sdk=macosx*]" = "-";
				CODE_SIGN_STYLE = Automatic;
				COMBINE_HIDPI_IMAGES = YES;
				CURRENT_PROJECT_VERSION = 1;
				DEVELOPMENT_ASSET_PATHS = "\"FastDownloader/Preview Content\"";
				DEVELOPMENT_TEAM = 74YPGS9Y5H;
				ENABLE_HARDENED_RUNTIME = YES;
				ENABLE_PREVIEWS = YES;
				GENERATE_INFOPLIST_FILE = YES;
				INFOPLIST_KEY_NSHumanReadableCopyright = "";
				LD_RUNPATH_SEARCH_PATHS = (
					"$(inherited)",
					"@executable_path/../Frameworks",
				);
				MARKETING_VERSION = 0.0.1;
				PRODUCT_BUNDLE_IDENTIFIER = josefidalgo.FastDownloader;
				PRODUCT_NAME = "$(TARGET_NAME)";
				SWIFT_EMIT_LOC_STRINGS = YES;
				SWIFT_VERSION = 5.0;
			};
			name = Release;
		};
/* End XCBuildConfiguration section */

/* Begin XCConfigurationList section */
		F1CE386B302D1EDF0084F78E /* Build configuration list for PBXProject "FastDownloader" */ = {
			isa = XCConfigurationList;
			buildConfigurations = (
				F1CE387D302D1EE10084F78E /* Debug */,
				F1CE387E302D1EE10084F78E /* Release */,
			);
			defaultConfigurationIsVisible = 0;
			defaultConfigurationName = Release;
		};
		F1CE387F302D1EE10084F78E /* Build configuration list for PBXNativeTarget "FastDownloader" */ = {
			isa = XCConfigurationList;
			buildConfigurations = (
				F1CE3880302D1EE10084F78E /* Debug */,
				F1CE3881302D1EE10084F78E /* Release */,
			);
			defaultConfigurationIsVisible = 0;
			defaultConfigurationName = Release;
		};
/* End XCConfigurationList section */
	};
	rootObject = F1CE3868302D1EDF0084F78E /* Project object */;
}
